
Microsoft Visual Studio Solution File, Format Version 12.00
# Visual Studio 15
VisualStudioVersion = 15.0.27703.2000
MinimumVisualStudioVersion = 10.0.40219.1
Project("{FAE04EC0-301F-11D3-BF4B-00C04F79EFBC}") = "FaceRek", "FaceRek\FaceRek.csproj", "{395A7A63-1F37-480F-85FA-CDFB72E9EFD7}"
EndProject
Global
	GlobalSection(SolutionConfigurationPlatforms) = preSolution
		Debug|Any CPU = Debug|Any CPU
		Release|Any CPU = Release|Any CPU
	EndGlobalSection
	GlobalSection(ProjectConfigurationPlatforms) = postSolution
		{395A7A63-1F37-480F-85FA-CDFB72E9EFD7}.Debug|Any CPU.ActiveCfg = Debug|Any CPU
		{395A7A63-1F37-480F-85FA-CDFB72E9EFD7}.Debug|Any CPU.Build.0 = Debug|Any CPU
		{395A7A63-1F37-480F-85FA-CDFB72E9EFD7}.Release|Any CPU.ActiveCfg = Release|Any CPU
		{395A7A63-1F37-480F-85FA-CDFB72E9EFD7}.Release|Any CPU.Build.0 = Release|Any CPU
	EndGlobalSection
	GlobalSection(SolutionProperties) = preSolution
		HideSolutionNode = FALSE
	EndGlobalSection
	GlobalSection(ExtensibilityGlobals) = postSolution
		SolutionGuid = {E1F64487-4B60-4B6A-BE97-7AF88E19394C}
	EndGlobalSection
EndGlobal
